
Microsoft Visual Studio Solution File, Format Version 12.00
# Visual Studio Version 16
VisualStudioVersion = 16.0.29519.87
MinimumVisualStudioVersion = 10.0.40219.1
Project("{FAE04EC0-301F-11D3-BF4B-00C04F79EFBC}") = "Cradius.Business", "CRadius.Business\Cradius.Business.csproj", "{F686D8C8-5EB2-4D80-A048-7D46DFA00D38}"
EndProject
Project("{FAE04EC0-301F-11D3-BF4B-00C04F79EFBC}") = "CRadius.Data", "CRadius.Data\CRadius.Data.csproj", "{A0596F88-6D1C-4D9D-AA8D-53147D126540}"
EndProject
Project("{FAE04EC0-301F-11D3-BF4B-00C04F79EFBC}") = "CRadius.Droid", "CRadius.Droid\CRadius.Droid.csproj", "{9F2B9D43-BE63-4BB8-8E0B-A2C4E33F8573}"
EndProject
Project("{FAE04EC0-301F-11D3-BF4B-00C04F79EFBC}") = "CRadius.Web", "..\CRadius\CRadius.Web.csproj", "{EF25CCF6-E53D-4CB2-BB13-D69C7438F94E}"
EndProject
Global
	GlobalSection(SolutionConfigurationPlatforms) = preSolution
		Debug|Any CPU = Debug|Any CPU
		Release|Any CPU = Release|Any CPU
	EndGlobalSection
	GlobalSection(ProjectConfigurationPlatforms) = postSolution
		{F686D8C8-5EB2-4D80-A048-7D46DFA00D38}.Debug|Any CPU.ActiveCfg = Debug|Any CPU
		{F686D8C8-5EB2-4D80-A048-7D46DFA00D38}.Debug|Any CPU.Build.0 = Debug|Any CPU
		{F686D8C8-5EB2-4D80-A048-7D46DFA00D38}.Release|Any CPU.ActiveCfg = Release|Any CPU
		{F686D8C8-5EB2-4D80-A048-7D46DFA00D38}.Release|Any CPU.Build.0 = Release|Any CPU
		{A0596F88-6D1C-4D9D-AA8D-53147D126540}.Debug|Any CPU.ActiveCfg = Debug|Any CPU
		{A0596F88-6D1C-4D9D-AA8D-53147D126540}.Debug|Any CPU.Build.0 = Debug|Any CPU
		{A0596F88-6D1C-4D9D-AA8D-53147D126540}.Release|Any CPU.ActiveCfg = Release|Any CPU
		{A0596F88-6D1C-4D9D-AA8D-53147D126540}.Release|Any CPU.Build.0 = Release|Any CPU
		{9F2B9D43-BE63-4BB8-8E0B-A2C4E33F8573}.Debug|Any CPU.ActiveCfg = Debug|Any CPU
		{9F2B9D43-BE63-4BB8-8E0B-A2C4E33F8573}.Debug|Any CPU.Build.0 = Debug|Any CPU
		{9F2B9D43-BE63-4BB8-8E0B-A2C4E33F8573}.Debug|Any CPU.Deploy.0 = Debug|Any CPU
		{9F2B9D43-BE63-4BB8-8E0B-A2C4E33F8573}.Release|Any CPU.ActiveCfg = Release|Any CPU
		{9F2B9D43-BE63-4BB8-8E0B-A2C4E33F8573}.Release|Any CPU.Build.0 = Release|Any CPU
		{9F2B9D43-BE63-4BB8-8E0B-A2C4E33F8573}.Release|Any CPU.Deploy.0 = Release|Any CPU
		{EF25CCF6-E53D-4CB2-BB13-D69C7438F94E}.Debug|Any CPU.ActiveCfg = Debug|Any CPU
		{EF25CCF6-E53D-4CB2-BB13-D69C7438F94E}.Debug|Any CPU.Build.0 = Debug|Any CPU
		{EF25CCF6-E53D-4CB2-BB13-D69C7438F94E}.Release|Any CPU.ActiveCfg = Release|Any CPU
		{EF25CCF6-E53D-4CB2-BB13-D69C7438F94E}.Release|Any CPU.Build.0 = Release|Any CPU
	EndGlobalSection
	GlobalSection(SolutionProperties) = preSolution
		HideSolutionNode = FALSE
	EndGlobalSection
	GlobalSection(ExtensibilityGlobals) = postSolution
		SolutionGuid = {07F1B9D8-CCBF-49F5-B897-92484BF6F618}
	EndGlobalSection
EndGlobal
